
Microsoft Visual Studio Solution File, Format Version 12.00
# Visual Studio Version 17
VisualStudioVersion = 17.11.35303.130
MinimumVisualStudioVersion = 10.0.40219.1
Project("{FAE04EC0-301F-11D3-BF4B-00C04F79EFBC}") = "To-do_list", "To-do_list\To-do_list.csproj", "{9F476F60-365A-405A-B66F-4AC83D683C56}"
EndProject
Global
	GlobalSection(SolutionConfigurationPlatforms) = preSolution
		Debug|Any CPU = Debug|Any CPU
		Release|Any CPU = Release|Any CPU
	EndGlobalSection
	GlobalSection(ProjectConfigurationPlatforms) = postSolution
		{9F476F60-365A-405A-B66F-4AC83D683C56}.Debug|Any CPU.ActiveCfg = Debug|Any CPU
		{9F476F60-365A-405A-B66F-4AC83D683C56}.Debug|Any CPU.Build.0 = Debug|Any CPU
		{9F476F60-365A-405A-B66F-4AC83D683C56}.Release|Any CPU.ActiveCfg = Release|Any CPU
		{9F476F60-365A-405A-B66F-4AC83D683C56}.Release|Any CPU.Build.0 = Release|Any CPU
	EndGlobalSection
	GlobalSection(SolutionProperties) = preSolution
		HideSolutionNode = FALSE
	EndGlobalSection
	GlobalSection(ExtensibilityGlobals) = postSolution
		SolutionGuid = {086D24EB-77D4-4E4A-B49F-7B646E25ECA8}
	EndGlobalSection
EndGlobal
